
Microsoft Visual Studio Solution File, Format Version 12.00
# Visual Studio Version 16
VisualStudioVersion = 16.0.31402.337
MinimumVisualStudioVersion = 10.0.40219.1
Project("{FAE04EC0-301F-11D3-BF4B-00C04F79EFBC}") = "TEST_DEV_MAGB_190621_BACK", "TEST_DEV_MAGB_190621_BACK.csproj", "{DA5A09D8-1FA0-47D1-BA94-393274C3AE82}"
EndProject
Global
	GlobalSection(SolutionConfigurationPlatforms) = preSolution
		Debug|Any CPU = Debug|Any CPU
		Release|Any CPU = Release|Any CPU
	EndGlobalSection
	GlobalSection(ProjectConfigurationPlatforms) = postSolution
		{DA5A09D8-1FA0-47D1-BA94-393274C3AE82}.Debug|Any CPU.ActiveCfg = Debug|Any CPU
		{DA5A09D8-1FA0-47D1-BA94-393274C3AE82}.Debug|Any CPU.Build.0 = Debug|Any CPU
		{DA5A09D8-1FA0-47D1-BA94-393274C3AE82}.Release|Any CPU.ActiveCfg = Release|Any CPU
		{DA5A09D8-1FA0-47D1-BA94-393274C3AE82}.Release|Any CPU.Build.0 = Release|Any CPU
	EndGlobalSection
	GlobalSection(SolutionProperties) = preSolution
		HideSolutionNode = FALSE
	EndGlobalSection
	GlobalSection(ExtensibilityGlobals) = postSolution
		SolutionGuid = {DB4F9818-144C-46EE-84C9-08BD3F94FF61}
	EndGlobalSection
EndGlobal
